lockfileVersion: '9.0'

settings:
  autoInstallPeers: true
  excludeLinksFromLockfile: false

importers:

  .:
    devDependencies:
      rolldown:
        specifier: 1.0.0-beta.34
        version: 1.0.0-beta.34

packages:

  '@emnapi/core@1.4.5':
    resolution: {integrity: sha512-XsLw1dEOpkSX/WucdqUhPWP7hDxSvZiY+fsUC14h+FtQ2Ifni4znbBt8punRX+Uj2JG/uDb8nEHVKvrVlvdZ5Q==}

  '@emnapi/runtime@1.4.5':
    resolution: {integrity: sha512-++LApOtY0pEEz1zrd9vy1/zXVaVJJ/EbAF3u0fXIzPJEDtnITsBGbbK0EkM72amhl/R5b+5xx0Y/QhcVOpuulg==}

  '@emnapi/wasi-threads@1.0.4':
    resolution: {integrity: sha512-PJR+bOmMOPH8AtcTGAyYNiuJ3/Fcoj2XN/gBEWzDIKh254XO+mM9XoXHk5GNEhodxeMznbg7BlRojVbKN+gC6g==}

  '@napi-rs/wasm-runtime@1.0.3':
    resolution: {integrity: sha512-rZxtMsLwjdXkMUGC3WwsPwLNVqVqnTJT6MNIB6e+5fhMcSCPP0AOsNWuMQ5mdCq6HNjs/ZeWAEchpqeprqBD2Q==}

  '@oxc-project/runtime@0.82.3':
    resolution: {integrity: sha512-LNh5GlJvYHAnMurO+EyA8jJwN1rki7l3PSHuosDh2I7h00T6/u9rCkUjg/SvPmT1CZzvhuW0y+gf7jcqUy/Usg==}
    engines: {node: '>=6.9.0'}

  '@oxc-project/types@0.82.3':
    resolution: {integrity: sha512-6nCUxBnGX0c6qfZW5MaF6/fmu5dHJDMiMPaioKHKs5mi5+8/FHQ7WGjgQIz1zxpmceMYfdIXkOaLYE+ejbuOtA==}

  '@rolldown/binding-android-arm64@1.0.0-beta.34':
    resolution: {integrity: sha512-jf5GNe5jP3Sr1Tih0WKvg2bzvh5T/1TA0fn1u32xSH7ca/p5t+/QRr4VRFCV/na5vjwKEhwWrChsL2AWlY+eoA==}
    cpu: [arm64]
    os: [android]

  '@rolldown/binding-darwin-arm64@1.0.0-beta.34':
    resolution: {integrity: sha512-2F/TqH4QuJQ34tgWxqBjFL3XV1gMzeQgUO8YRtCPGBSP0GhxtoFzsp7KqmQEothsxztlv+KhhT9Dbg3HHwHViQ==}
    cpu: [arm64]
    os: [darwin]

  '@rolldown/binding-darwin-x64@1.0.0-beta.34':
    resolution: {integrity: sha512-E1QuFslgLWbHQ8Qli/AqUKdfg0pockQPwRxVbhNQ74SciZEZpzLaujkdmOLSccMlSXDfFCF8RPnMoRAzQ9JV8Q==}
    cpu: [x64]
    os: [darwin]

  '@rolldown/binding-freebsd-x64@1.0.0-beta.34':
    resolution: {integrity: sha512-VS8VInNCwnkpI9WeQaWu3kVBq9ty6g7KrHdLxYMzeqz24+w9hg712TcWdqzdY6sn+24lUoMD9jTZrZ/qfVpk0g==}
    cpu: [x64]
    os: [freebsd]

  '@rolldown/binding-linux-arm-gnueabihf@1.0.0-beta.34':
    resolution: {integrity: sha512-4St4emjcnULnxJYb/5ZDrH/kK/j6PcUgc3eAqH5STmTrcF+I9m/X2xvSF2a2bWv1DOQhxBewThu0KkwGHdgu5w==}
    cpu: [arm]
    os: [linux]

  '@rolldown/binding-linux-arm64-gnu@1.0.0-beta.34':
    resolution: {integrity: sha512-a737FTqhFUoWfnebS2SnQ2BS50p0JdukdkUBwy2J06j4hZ6Eej0zEB8vTfAqoCjn8BQKkXBy+3Sx0IRkgwz1gA==}
    cpu: [arm64]
    os: [linux]

  '@rolldown/binding-linux-arm64-musl@1.0.0-beta.34':
    resolution: {integrity: sha512-NH+FeQWKyuw0k+PbXqpFWNfvD8RPvfJk766B/njdaWz4TmiEcSB0Nb6guNw1rBpM1FmltQYb3fFnTumtC6pRfA==}
    cpu: [arm64]
    os: [linux]

  '@rolldown/binding-linux-x64-gnu@1.0.0-beta.34':
    resolution: {integrity: sha512-Q3RSCivp8pNadYK8ke3hLnQk08BkpZX9BmMjgwae2FWzdxhxxUiUzd9By7kneUL0vRQ4uRnhD9VkFQ+Haeqdvw==}
    cpu: [x64]
    os: [linux]

  '@rolldown/binding-linux-x64-musl@1.0.0-beta.34':
    resolution: {integrity: sha512-wDd/HrNcVoBhWWBUW3evJHoo7GJE/RofssBy3Dsiip05YUBmokQVrYAyrboOY4dzs/lJ7HYeBtWQ9hj8wlyF0A==}
    cpu: [x64]
    os: [linux]

  '@rolldown/binding-openharmony-arm64@1.0.0-beta.34':
    resolution: {integrity: sha512-dH3FTEV6KTNWpYSgjSXZzeX7vLty9oBYn6R3laEdhwZftQwq030LKL+5wyQdlbX5pnbh4h127hpv3Hl1+sj8dg==}
    cpu: [arm64]
    os: [openharmony]

  '@rolldown/binding-wasm32-wasi@1.0.0-beta.34':
    resolution: {integrity: sha512-y5BUf+QtO0JsIDKA51FcGwvhJmv89BYjUl8AmN7jqD6k/eU55mH6RJYnxwCsODq5m7KSSTigVb6O7/GqB8wbPw==}
    engines: {node: '>=14.0.0'}
    cpu: [wasm32]

  '@rolldown/binding-win32-arm64-msvc@1.0.0-beta.34':
    resolution: {integrity: sha512-ga5hFhdTwpaNxEiuxZHWnD3ed0GBAzbgzS5tRHpe0ObptxM1a9Xrq6TVfNQirBLwb5Y7T/FJmJi3pmdLy95ljg==}
    cpu: [arm64]
    os: [win32]

  '@rolldown/binding-win32-ia32-msvc@1.0.0-beta.34':
    resolution: {integrity: sha512-4/MBp9T9eRnZskxWr8EXD/xHvLhdjWaeX/qY9LPRG1JdCGV3DphkLTy5AWwIQ5jhAy2ZNJR5z2fYRlpWU0sIyQ==}
    cpu: [ia32]
    os: [win32]

  '@rolldown/binding-win32-x64-msvc@1.0.0-beta.34':
    resolution: {integrity: sha512-7O5iUBX6HSBKlQU4WykpUoEmb0wQmonb6ziKFr3dJTHud2kzDnWMqk344T0qm3uGv9Ddq6Re/94pInxo1G2d4w==}
    cpu: [x64]
    os: [win32]

  '@rolldown/pluginutils@1.0.0-beta.34':
    resolution: {integrity: sha512-LyAREkZHP5pMom7c24meKmJCdhf2hEyvam2q0unr3or9ydwDL+DJ8chTF6Av/RFPb3rH8UFBdMzO5MxTZW97oA==}

  '@tybys/wasm-util@0.10.0':
    resolution: {integrity: sha512-VyyPYFlOMNylG45GoAe0xDoLwWuowvf92F9kySqzYh8vmYm7D2u4iUJKa1tOUpS70Ku13ASrOkS4ScXFsTaCNQ==}

  ansis@4.1.0:
    resolution: {integrity: sha512-BGcItUBWSMRgOCe+SVZJ+S7yTRG0eGt9cXAHev72yuGcY23hnLA7Bky5L/xLyPINoSN95geovfBkqoTlNZYa7w==}
    engines: {node: '>=14'}

  rolldown@1.0.0-beta.34:
    resolution: {integrity: sha512-Wwh7EwalMzzX3Yy3VN58VEajeR2Si8+HDNMf706jPLIqU7CxneRW+dQVfznf5O0TWTnJyu4npelwg2bzTXB1Nw==}
    hasBin: true

  tslib@2.8.1:
    resolution: {integrity: sha512-oJFu94HQb+KVduSUQL7wnpmqnfmLsOA/nAh6b6EH0wCEoK0/mPeXU6c3wKDV83MkOuHPRHtSXKKU99IBazS/2w==}

snapshots:

  '@emnapi/core@1.4.5':
    dependencies:
      '@emnapi/wasi-threads': 1.0.4
      tslib: 2.8.1
    optional: true

  '@emnapi/runtime@1.4.5':
    dependencies:
      tslib: 2.8.1
    optional: true

  '@emnapi/wasi-threads@1.0.4':
    dependencies:
      tslib: 2.8.1
    optional: true

  '@napi-rs/wasm-runtime@1.0.3':
    dependencies:
      '@emnapi/core': 1.4.5
      '@emnapi/runtime': 1.4.5
      '@tybys/wasm-util': 0.10.0
    optional: true

  '@oxc-project/runtime@0.82.3': {}

  '@oxc-project/types@0.82.3': {}

  '@rolldown/binding-android-arm64@1.0.0-beta.34':
    optional: true

  '@rolldown/binding-darwin-arm64@1.0.0-beta.34':
    optional: true

  '@rolldown/binding-darwin-x64@1.0.0-beta.34':
    optional: true

  '@rolldown/binding-freebsd-x64@1.0.0-beta.34':
    optional: true

  '@rolldown/binding-linux-arm-gnueabihf@1.0.0-beta.34':
    optional: true

  '@rolldown/binding-linux-arm64-gnu@1.0.0-beta.34':
    optional: true

  '@rolldown/binding-linux-arm64-musl@1.0.0-beta.34':
    optional: true

  '@rolldown/binding-linux-x64-gnu@1.0.0-beta.34':
    optional: true

  '@rolldown/binding-linux-x64-musl@1.0.0-beta.34':
    optional: true

  '@rolldown/binding-openharmony-arm64@1.0.0-beta.34':
    optional: true

  '@rolldown/binding-wasm32-wasi@1.0.0-beta.34':
    dependencies:
      '@napi-rs/wasm-runtime': 1.0.3
    optional: true

  '@rolldown/binding-win32-arm64-msvc@1.0.0-beta.34':
    optional: true

  '@rolldown/binding-win32-ia32-msvc@1.0.0-beta.34':
    optional: true

  '@rolldown/binding-win32-x64-msvc@1.0.0-beta.34':
    optional: true

  '@rolldown/pluginutils@1.0.0-beta.34': {}

  '@tybys/wasm-util@0.10.0':
    dependencies:
      tslib: 2.8.1
    optional: true

  ansis@4.1.0: {}

  rolldown@1.0.0-beta.34:
    dependencies:
      '@oxc-project/runtime': 0.82.3
      '@oxc-project/types': 0.82.3
      '@rolldown/pluginutils': 1.0.0-beta.34
      ansis: 4.1.0
    optionalDependencies:
      '@rolldown/binding-android-arm64': 1.0.0-beta.34
      '@rolldown/binding-darwin-arm64': 1.0.0-beta.34
      '@rolldown/binding-darwin-x64': 1.0.0-beta.34
      '@rolldown/binding-freebsd-x64': 1.0.0-beta.34
      '@rolldown/binding-linux-arm-gnueabihf': 1.0.0-beta.34
      '@rolldown/binding-linux-arm64-gnu': 1.0.0-beta.34
      '@rolldown/binding-linux-arm64-musl': 1.0.0-beta.34
      '@rolldown/binding-linux-x64-gnu': 1.0.0-beta.34
      '@rolldown/binding-linux-x64-musl': 1.0.0-beta.34
      '@rolldown/binding-openharmony-arm64': 1.0.0-beta.34
      '@rolldown/binding-wasm32-wasi': 1.0.0-beta.34
      '@rolldown/binding-win32-arm64-msvc': 1.0.0-beta.34
      '@rolldown/binding-win32-ia32-msvc': 1.0.0-beta.34
      '@rolldown/binding-win32-x64-msvc': 1.0.0-beta.34

  tslib@2.8.1:
    optional: true
